{
  "name": "course_project",
  "lockfileVersion": 3,
  "requires": true,
  "packages": {
    "": {
      "dependencies": {
        "wasmtime": "^0.0.2"
      }
    },
    "node_modules/wasmtime": {
      "version": "0.0.2",
      "resolved": "https://registry.npmjs.org/wasmtime/-/wasmtime-0.0.2.tgz",
      "integrity": "sha512-M5lc3JhJA3GFw6B2GLk/dwDJl3+zifAiYTsSvLWqlDwPIqkkkOs4csG9+qusFMGPKoUsQTL4cHtLc8WMwRF4Gg==",
      "license": "MIT",
      "engines": {
        "node": ">= 14"
      },
      "optionalDependencies": {
        "wasmtime-darwin-x64": "0.0.2",
        "wasmtime-linux-arm64-gnu": "0.0.2",
        "wasmtime-linux-x64-gnu": "0.0.2",
        "wasmtime-win32-x64-msvc": "0.0.2"
      }
    },
    "node_modules/wasmtime-darwin-x64": {
      "version": "0.0.2",
      "resolved": "https://registry.npmjs.org/wasmtime-darwin-x64/-/wasmtime-darwin-x64-0.0.2.tgz",
      "integrity": "sha512-cZNu1KeGd3D7tkjKU1ppcCA9sTyxn6vn/q41GGdgXG1yzhJGu94cytiEW6kgzaESzKN0Y7cXHIvXq3cJ88+BnQ==",
      "cpu": [
        "x64"
      ],
      "license": "MIT",
      "optional": true,
      "os": [
        "darwin"
      ],
      "engines": {
        "node": ">= 10"
      }
    },
    "node_modules/wasmtime-linux-arm64-gnu": {
      "version": "0.0.2",
      "resolved": "https://registry.npmjs.org/wasmtime-linux-arm64-gnu/-/wasmtime-linux-arm64-gnu-0.0.2.tgz",
      "integrity": "sha512-u7WQHhqtUGdTwIy/4S/+W+1P93eHa0yCWnuldmCZJQ1qyk0E7AxrHV9zXcK5KM5VxAexAHw5/QsYIx9YL4l5Qg==",
      "cpu": [
        "arm64"
      ],
      "license": "MIT",
      "optional": true,
      "os": [
        "linux"
      ],
      "engines": {
        "node": ">= 10"
      }
    },
    "node_modules/wasmtime-linux-x64-gnu": {
      "version": "0.0.2",
      "resolved": "https://registry.npmjs.org/wasmtime-linux-x64-gnu/-/wasmtime-linux-x64-gnu-0.0.2.tgz",
      "integrity": "sha512-IHkpISMHwsIQobkSpiW7A9+zsddIaE1IdfJDNvlhPRVUA2T7pqLOidYVNeQpmrmviv2VGR1F4EfS6zbE8ZxGHQ==",
      "cpu": [
        "x64"
      ],
      "license": "MIT",
      "optional": true,
      "os": [
        "linux"
      ],
      "engines": {
        "node": ">= 10"
      }
    },
    "node_modules/wasmtime-win32-x64-msvc": {
      "version": "0.0.2",
      "resolved": "https://registry.npmjs.org/wasmtime-win32-x64-msvc/-/wasmtime-win32-x64-msvc-0.0.2.tgz",
      "integrity": "sha512-14ZE2pAKaqjGdQrlO+0cb7yQHHwnF/JpJT6oKF2BQiCBShXvrkvXqWz5DTlhMhnEfw+KCIm/OdR+mDjW0Lsosw==",
      "cpu": [
        "x64"
      ],
      "license": "MIT",
      "optional": true,
      "os": [
        "win32"
      ],
      "engines": {
        "node": ">= 10"
      }
    }
  }
}
